{
  "name": "@agilesyndrome/cf-genai-messaging",
  "version": "5.0.0",
  "lockfileVersion": 3,
  "requires": true,
  "packages": {
    "": {
      "name": "@agilesyndrome/cf-genai-messaging",
      "version": "5.0.0",
      "license": "MIT",
      "dependencies": {
        "@agilesyndrome/cf-genai-base": "^5.0.0"
      }
    },
    "node_modules/@agilesyndrome/cf-genai-base": {
      "version": "5.0.0",
      "resolved": "https://registry.npmjs.org/@agilesyndrome/cf-genai-base/-/cf-genai-base-5.0.0.tgz",
      "integrity": "sha512-PQrPxnPVT6l+SSnQs0WyXihuzmNihC+nha8rbEzCIPgfygiK4cKDDibf50a1zzBDaNPTGGxfGvdwbHd7sh9W5A==",
      "license": "MIT",
      "peerDependencies": {
        "react": "^19.0.0"
      }
    },
    "node_modules/react": {
      "version": "19.3.0",
      "resolved": "https://registry.npmjs.org/react/-/react-19.3.0.tgz",
      "integrity": "sha512-E8LUcbtBWt20bbl2YoHfx4ZDBdxVTfOKtCZn9cDSJ4l6/nuoApcpIBcj47t2wZoVX8g2ZHuMHbiShgCR1T5Sog==",
      "license": "MIT",
      "peer": true,
      "engines": {
        "node": ">=0.10.0"
      }
    }
  }
}
