{
  "name": "@agilesyndrome/cf-genai-messaging",
  "version": "4.1.2",
  "lockfileVersion": 3,
  "requires": true,
  "packages": {
    "": {
      "name": "@agilesyndrome/cf-genai-messaging",
      "version": "4.1.2",
      "license": "MIT",
      "dependencies": {
        "@agilesyndrome/cf-genai-base": "^4.1.1"
      }
    },
    "node_modules/@agilesyndrome/cf-genai-base": {
      "version": "4.1.1",
      "resolved": "https://registry.npmjs.org/@agilesyndrome/cf-genai-base/-/cf-genai-base-4.1.1.tgz",
      "integrity": "sha512-nZUvaeAio3orMbOdQhfdfGMTJKGDarj4VrtNZBKZSkqqqxIhMZoT++aJSbCKBg2W0+VlGS99ZD9PEn6ycv3hdQ==",
      "license": "MIT"
    }
  }
}
